// !$*UTF8*$!
{
	archiveVersion = 1;
	classes = {
	};
	objectVersion = 50;
	objects = {

/* Begin PBXBuildFile section */
		56D6563C2318586E0042A4C7 /* AppDelegate.swift in Sources */ = {isa = PBXBuildFile; fileRef = 56D6563B2318586E0042A4C7 /* AppDelegate.swift */; };
		56D6563E2318586E0042A4C7 /* ViewController.swift in Sources */ = {isa = PBXBuildFile; fileRef = 56D6563D2318586E0042A4C7 /* ViewController.swift */; };
		56D656412318586E0042A4C7 /* Main.storyboard in Resources */ = {isa = PBXBuildFile; fileRef = 56D6563F2318586E0042A4C7 /* Main.storyboard */; };
		56D656432318586E0042A4C7 /* Assets.xcassets in Resources */ = {isa = PBXBuildFile; fileRef = 56D656422318586E0042A4C7 /* Assets.xcassets */; };
		56D656462318586E0042A4C7 /* LaunchScreen.storyboard in Resources */ = {isa = PBXBuildFile; fileRef = 56D656442318586E0042A4C7 /* LaunchScreen.storyboard */; };
		56DB05732319649600AFDE67 /* FlowerClassifier.mlmodel in Sources */ = {isa = PBXBuildFile; fileRef = 56DB05722319649600AFDE67 /* FlowerClassifier.mlmodel */; };
		CFE99F05E657750368A86028 /* Pods_What_Flower.framework in Frameworks */ = {isa = PBXBuildFile; fileRef = 96EFDE9497465302C4F1C16D /* Pods_What_Flower.framework */; };
/* End PBXBuildFile section */

/* Begin PBXFileReference section */
		0AF97836F309A1D2CAE3AEA2 /* Pods-What Flower.debug.xcconfig */ = {isa = PBXFileReference; includeInIndex = 1; lastKnownFileType = text.xcconfig; name = "Pods-What Flower.debug.xcconfig"; path = "Target Support Files/Pods-What Flower/Pods-What Flower.debug.xcconfig"; sourceTree = "<group>"; };
		27AEB33CD6BD56BDA5A32757 /* Pods-What Flower.release.xcconfig */ = {isa = PBXFileReference; includeInIndex = 1; lastKnownFileType = text.xcconfig; name = "Pods-What Flower.release.xcconfig"; path = "Target Support Files/Pods-What Flower/Pods-What Flower.release.xcconfig"; sourceTree = "<group>"; };
		56D656382318586E0042A4C7 /* What Flower.app */ = {isa = PBXFileReference; explicitFileType = wrapper.application; includeInIndex = 0; path = "What Flower.app"; sourceTree = BUILT_PRODUCTS_DIR; };
		56D6563B2318586E0042A4C7 /* AppDelegate.swift */ = {isa = PBXFileReference; lastKnownFileType = sourcecode.swift; path = AppDelegate.swift; sourceTree = "<group>"; };
		56D6563D2318586E0042A4C7 /* ViewController.swift */ = {isa = PBXFileReference; lastKnownFileType = sourcecode.swift; path = ViewController.swift; sourceTree = "<group>"; };
		56D656402318586E0042A4C7 /* Base */ = {isa = PBXFileReference; lastKnownFileType = file.storyboard; name = Base; path = Base.lproj/Main.storyboard; sourceTree = "<group>"; };
		56D656422318586E0042A4C7 /* Assets.xcassets */ = {isa = PBXFileReference; lastKnownFileType = folder.assetcatalog; path = Assets.xcassets; sourceTree = "<group>"; };
		56D656452318586E0042A4C7 /* Base */ = {isa = PBXFileReference; lastKnownFileType = file.storyboard; name = Base; path = Base.lproj/LaunchScreen.storyboard; sourceTree = "<group>"; };
		56D656472318586E0042A4C7 /* Info.plist */ = {isa = PBXFileReference; lastKnownFileType = text.plist.xml; path = Info.plist; sourceTree = "<group>"; };
		56DB05722319649600AFDE67 /* FlowerClassifier.mlmodel */ = {isa = PBXFileReference; lastKnownFileType = file.mlmodel; path = FlowerClassifier.mlmodel; sourceTree = "<group>"; };
		96EFDE9497465302C4F1C16D /* Pods_What_Flower.framework */ = {isa = PBXFileReference; explicitFileType = wrapper.framework; includeInIndex = 0; path = Pods_What_Flower.framework; sourceTree = BUILT_PRODUCTS_DIR; };
/* End PBXFileReference section */

/* Begin PBXFrameworksBuildPhase section */
		56D656352318586E0042A4C7 /* Frameworks */ = {
			isa = PBXFrameworksBuildPhase;
			buildActionMask = 2147483647;
			files = (
				CFE99F05E657750368A86028 /* Pods_What_Flower.framework in Frameworks */,
			);
			runOnlyForDeploymentPostprocessing = 0;
		};
/* End PBXFrameworksBuildPhase section */

/* Begin PBXGroup section */
		2A039E0EEDB0A589E3B43A90 /* Frameworks */ = {
			isa = PBXGroup;
			children = (
				96EFDE9497465302C4F1C16D /* Pods_What_Flower.framework */,
			);
			name = Frameworks;
			sourceTree = "<group>";
		};
		56D6562F2318586E0042A4C7 = {
			isa = PBXGroup;
			children = (
				56D6563A2318586E0042A4C7 /* What Flower */,
				56D656392318586E0042A4C7 /* Products */,
				DC690F21B49406930466B3FF /* Pods */,
				2A039E0EEDB0A589E3B43A90 /* Frameworks */,
			);
			sourceTree = "<group>";
		};
		56D656392318586E0042A4C7 /* Products */ = {
			isa = PBXGroup;
			children = (
				56D656382318586E0042A4C7 /* What Flower.app */,
			);
			name = Products;
			sourceTree = "<group>";
		};
		56D6563A2318586E0042A4C7 /* What Flower */ = {
			isa = PBXGroup;
			children = (
				56DB05722319649600AFDE67 /* FlowerClassifier.mlmodel */,
				56D6563B2318586E0042A4C7 /* AppDelegate.swift */,
				56D6564F23187C920042A4C7 /* Controllers */,
				56D6563F2318586E0042A4C7 /* Main.storyboard */,
				56D656422318586E0042A4C7 /* Assets.xcassets */,
				56D656442318586E0042A4C7 /* LaunchScreen.storyboard */,
				56D656472318586E0042A4C7 /* Info.plist */,
			);
			path = "What Flower";
			sourceTree = "<group>";
		};
		56D6564F23187C920042A4C7 /* Controllers */ = {
			isa = PBXGroup;
			children = (
				56D6563D2318586E0042A4C7 /* ViewController.swift */,
			);
			path = Controllers;
			sourceTree = "<group>";
		};
		DC690F21B49406930466B3FF /* Pods */ = {
			isa = PBXGroup;
			children = (
				0AF97836F309A1D2CAE3AEA2 /* Pods-What Flower.debug.xcconfig */,
				27AEB33CD6BD56BDA5A32757 /* Pods-What Flower.release.xcconfig */,
			);
			name = Pods;
			path = Pods;
			sourceTree = "<group>";
		};
/* End PBXGroup section */

/* Begin PBXNativeTarget section */
		56D656372318586E0042A4C7 /* What Flower */ = {
			isa = PBXNativeTarget;
			buildConfigurationList = 56D6564A2318586E0042A4C7 /* Build configuration list for PBXNativeTarget "What Flower" */;
			buildPhases = (
				61A3859E2C19ACA8DEC90A9C /* [CP] Check Pods Manifest.lock */,
				56D656342318586E0042A4C7 /* Sources */,
				56D656352318586E0042A4C7 /* Frameworks */,
				56D656362318586E0042A4C7 /* Resources */,
				299BE0762ED517B4E86674AC /* [CP] Embed Pods Frameworks */,
			);
			buildRules = (
			);
			dependencies = (
			);
			name = "What Flower";
			productName = "What Flower";
			productReference = 56D656382318586E0042A4C7 /* What Flower.app */;
			productType = "com.apple.product-type.application";
		};
/* End PBXNativeTarget section */

/* Begin PBXProject section */
		56D656302318586E0042A4C7 /* Project object */ = {
			isa = PBXProject;
			attributes = {
				LastSwiftUpdateCheck = 1030;
				LastUpgradeCheck = 1030;
				ORGANIZATIONNAME = "Destiny Sopha";
				TargetAttributes = {
					56D656372318586E0042A4C7 = {
						CreatedOnToolsVersion = 10.3;
					};
				};
			};
			buildConfigurationList = 56D656332318586E0042A4C7 /* Build configuration list for PBXProject "What Flower" */;
			compatibilityVersion = "Xcode 9.3";
			developmentRegion = en;
			hasScannedForEncodings = 0;
			knownRegions = (
				en,
				Base,
			);
			mainGroup = 56D6562F2318586E0042A4C7;
			productRefGroup = 56D656392318586E0042A4C7 /* Products */;
			projectDirPath = "";
			projectRoot = "";
			targets = (
				56D656372318586E0042A4C7 /* What Flower */,
			);
		};
/* End PBXProject section */

/* Begin PBXResourcesBuildPhase section */
		56D656362318586E0042A4C7 /* Resources */ = {
			isa = PBXResourcesBuildPhase;
			buildActionMask = 2147483647;
			files = (
				56D656462318586E0042A4C7 /* LaunchScreen.storyboard in Resources */,
				56D656432318586E0042A4C7 /* Assets.xcassets in Resources */,
				56D656412318586E0042A4C7 /* Main.storyboard in Resources */,
			);
			runOnlyForDeploymentPostprocessing = 0;
		};
/* End PBXResourcesBuildPhase section */

/* Begin PBXShellScriptBuildPhase section */
		299BE0762ED517B4E86674AC /* [CP] Embed Pods Frameworks */ = {
			isa = PBXShellScriptBuildPhase;
			buildActionMask = 2147483647;
			files = (
			);
			inputFileListPaths = (
				"${PODS_ROOT}/Target Support Files/Pods-What Flower/Pods-What Flower-frameworks-${CONFIGURATION}-input-files.xcfilelist",
			);
			name = "[CP] Embed Pods Frameworks";
			outputFileListPaths = (
				"${PODS_ROOT}/Target Support Files/Pods-What Flower/Pods-What Flower-frameworks-${CONFIGURATION}-output-files.xcfilelist",
			);
			runOnlyForDeploymentPostprocessing = 0;
			shellPath = /bin/sh;
			shellScript = "\"${PODS_ROOT}/Target Support Files/Pods-What Flower/Pods-What Flower-frameworks.sh\"\n";
			showEnvVarsInLog = 0;
		};
		61A3859E2C19ACA8DEC90A9C /* [CP] Check Pods Manifest.lock */ = {
			isa = PBXShellScriptBuildPhase;
			buildActionMask = 2147483647;
			files = (
			);
			inputFileListPaths = (
			);
			inputPaths = (
				"${PODS_PODFILE_DIR_PATH}/Podfile.lock",
				"${PODS_ROOT}/Manifest.lock",
			);
			name = "[CP] Check Pods Manifest.lock";
			outputFileListPaths = (
			);
			outputPaths = (
				"$(DERIVED_FILE_DIR)/Pods-What Flower-checkManifestLockResult.txt",
			);
			runOnlyForDeploymentPostprocessing = 0;
			shellPath = /bin/sh;
			shellScript = "diff \"${PODS_PODFILE_DIR_PATH}/Podfile.lock\" \"${PODS_ROOT}/Manifest.lock\" > /dev/null\nif [ $? != 0 ] ; then\n    # print error to STDERR\n    echo \"error: The sandbox is not in sync with the Podfile.lock. Run 'pod install' or update your CocoaPods installation.\" >&2\n    exit 1\nfi\n# This output is used by Xcode 'outputs' to avoid re-running this script phase.\necho \"SUCCESS\" > \"${SCRIPT_OUTPUT_FILE_0}\"\n";
			showEnvVarsInLog = 0;
		};
/* End PBXShellScriptBuildPhase section */

/* Begin PBXSourcesBuildPhase section */
		56D656342318586E0042A4C7 /* Sources */ = {
			isa = PBXSourcesBuildPhase;
			buildActionMask = 2147483647;
			files = (
				56DB05732319649600AFDE67 /* FlowerClassifier.mlmodel in Sources */,
				56D6563E2318586E0042A4C7 /* ViewController.swift in Sources */,
				56D6563C2318586E0042A4C7 /* AppDelegate.swift in Sources */,
			);
			runOnlyForDeploymentPostprocessing = 0;
		};
/* End PBXSourcesBuildPhase section */

/* Begin PBXVariantGroup section */
		56D6563F2318586E0042A4C7 /* Main.storyboard */ = {
			isa = PBXVariantGroup;
			children = (
				56D656402318586E0042A4C7 /* Base */,
			);
			name = Main.storyboard;
			sourceTree = "<group>";
		};
		56D656442318586E0042A4C7 /* LaunchScreen.storyboard */ = {
			isa = PBXVariantGroup;
			children = (
				56D656452318586E0042A4C7 /* Base */,
			);
			name = LaunchScreen.storyboard;
			sourceTree = "<group>";
		};
/* End PBXVariantGroup section */

/* Begin XCBuildConfiguration section */
		56D656482318586E0042A4C7 /* Debug */ = {
			isa = XCBuildConfiguration;
			buildSettings = {
				ALWAYS_SEARCH_USER_PATHS = NO;
				CLANG_ANALYZER_NONNULL = YES;
				CLANG_ANALYZER_NUMBER_OBJECT_CONVERSION = YES_AGGRESSIVE;
				CLANG_CXX_LANGUAGE_STANDARD = "gnu++14";
				CLANG_CXX_LIBRARY = "libc++";
				CLANG_ENABLE_MODULES = YES;
				CLANG_ENABLE_OBJC_ARC = YES;
				CLANG_ENABLE_OBJC_WEAK = YES;
				CLANG_WARN_BLOCK_CAPTURE_AUTORELEASING = YES;
				CLANG_WARN_BOOL_CONVERSION = YES;
				CLANG_WARN_COMMA = YES;
				CLANG_WARN_CONSTANT_CONVERSION = YES;
				CLANG_WARN_DEPRECATED_OBJC_IMPLEMENTATIONS = YES;
				CLANG_WARN_DIRECT_OBJC_ISA_USAGE = YES_ERROR;
				CLANG_WARN_DOCUMENTATION_COMMENTS = YES;
				CLANG_WARN_EMPTY_BODY = YES;
				CLANG_WARN_ENUM_CONVERSION = YES;
				CLANG_WARN_INFINITE_RECURSION = YES;
				CLANG_WARN_INT_CONVERSION = YES;
				CLANG_WARN_NON_LITERAL_NULL_CONVERSION = YES;
				CLANG_WARN_OBJC_IMPLICIT_RETAIN_SELF = YES;
				CLANG_WARN_OBJC_LITERAL_CONVERSION = YES;
				CLANG_WARN_OBJC_ROOT_CLASS = YES_ERROR;
				CLANG_WARN_RANGE_LOOP_ANALYSIS = YES;
				CLANG_WARN_STRICT_PROTOTYPES = YES;
				CLANG_WARN_SUSPICIOUS_MOVE = YES;
				CLANG_WARN_UNGUARDED_AVAILABILITY = YES_AGGRESSIVE;
				CLANG_WARN_UNREACHABLE_CODE = YES;
				CLANG_WARN__DUPLICATE_METHOD_MATCH = YES;
				CODE_SIGN_IDENTITY = "iPhone Developer";
				COPY_PHASE_STRIP = NO;
				DEBUG_INFORMATION_FORMAT = dwarf;
				ENABLE_STRICT_OBJC_MSGSEND = YES;
				ENABLE_TESTABILITY = YES;
				GCC_C_LANGUAGE_STANDARD = gnu11;
				GCC_DYNAMIC_NO_PIC = NO;
				GCC_NO_COMMON_BLOCKS = YES;
				GCC_OPTIMIZATION_LEVEL = 0;
				GCC_PREPROCESSOR_DEFINITIONS = (
					"DEBUG=1",
					"$(inherited)",
				);
				GCC_WARN_64_TO_32_BIT_CONVERSION = YES;
				GCC_WARN_ABOUT_RETURN_TYPE = YES_ERROR;
				GCC_WARN_UNDECLARED_SELECTOR = YES;
				GCC_WARN_UNINITIALIZED_AUTOS = YES_AGGRESSIVE;
				GCC_WARN_UNUSED_FUNCTION = YES;
				GCC_WARN_UNUSED_VARIABLE = YES;
				IPHONEOS_DEPLOYMENT_TARGET = 12.4;
				MTL_ENABLE_DEBUG_INFO = INCLUDE_SOURCE;
				MTL_FAST_MATH = YES;
				ONLY_ACTIVE_ARCH = YES;
				SDKROOT = iphoneos;
				SWIFT_ACTIVE_COMPILATION_CONDITIONS = DEBUG;
				SWIFT_OPTIMIZATION_LEVEL = "-Onone";
			};
			name = Debug;
		};
		56D656492318586E0042A4C7 /* Release */ = {
			isa = XCBuildConfiguration;
			buildSettings = {
				ALWAYS_SEARCH_USER_PATHS = NO;
				CLANG_ANALYZER_NONNULL = YES;
				CLANG_ANALYZER_NUMBER_OBJECT_CONVERSION = YES_AGGRESSIVE;
				CLANG_CXX_LANGUAGE_STANDARD = "gnu++14";
				CLANG_CXX_LIBRARY = "libc++";
				CLANG_ENABLE_MODULES = YES;
				CLANG_ENABLE_OBJC_ARC = YES;
				CLANG_ENABLE_OBJC_WEAK = YES;
				CLANG_WARN_BLOCK_CAPTURE_AUTORELEASING = YES;
				CLANG_WARN_BOOL_CONVERSION = YES;
				CLANG_WARN_COMMA = YES;
				CLANG_WARN_CONSTANT_CONVERSION = YES;
				CLANG_WARN_DEPRECATED_OBJC_IMPLEMENTATIONS = YES;
				CLANG_WARN_DIRECT_OBJC_ISA_USAGE = YES_ERROR;
				CLANG_WARN_DOCUMENTATION_COMMENTS = YES;
				CLANG_WARN_EMPTY_BODY = YES;
				CLANG_WARN_ENUM_CONVERSION = YES;
				CLANG_WARN_INFINITE_RECURSION = YES;
				CLANG_WARN_INT_CONVERSION = YES;
				CLANG_WARN_NON_LITERAL_NULL_CONVERSION = YES;
				CLANG_WARN_OBJC_IMPLICIT_RETAIN_SELF = YES;
				CLANG_WARN_OBJC_LITERAL_CONVERSION = YES;
				CLANG_WARN_OBJC_ROOT_CLASS = YES_ERROR;
				CLANG_WARN_RANGE_LOOP_ANALYSIS = YES;
				CLANG_WARN_STRICT_PROTOTYPES = YES;
				CLANG_WARN_SUSPICIOUS_MOVE = YES;
				CLANG_WARN_UNGUARDED_AVAILABILITY = YES_AGGRESSIVE;
				CLANG_WARN_UNREACHABLE_CODE = YES;
				CLANG_WARN__DUPLICATE_METHOD_MATCH = YES;
				CODE_SIGN_IDENTITY = "iPhone Developer";
				COPY_PHASE_STRIP = NO;
				DEBUG_INFORMATION_FORMAT = "dwarf-with-dsym";
				ENABLE_NS_ASSERTIONS = NO;
				ENABLE_STRICT_OBJC_MSGSEND = YES;
				GCC_C_LANGUAGE_STANDARD = gnu11;
				GCC_NO_COMMON_BLOCKS = YES;
				GCC_WARN_64_TO_32_BIT_CONVERSION = YES;
				GCC_WARN_ABOUT_RETURN_TYPE = YES_ERROR;
				GCC_WARN_UNDECLARED_SELECTOR = YES;
				GCC_WARN_UNINITIALIZED_AUTOS = YES_AGGRESSIVE;
				GCC_WARN_UNUSED_FUNCTION = YES;
				GCC_WARN_UNUSED_VARIABLE = YES;
				IPHONEOS_DEPLOYMENT_TARGET = 12.4;
				MTL_ENABLE_DEBUG_INFO = NO;
				MTL_FAST_MATH = YES;
				SDKROOT = iphoneos;
				SWIFT_COMPILATION_MODE = wholemodule;
				SWIFT_OPTIMIZATION_LEVEL = "-O";
				VALIDATE_PRODUCT = YES;
			};
			name = Release;
		};
		56D6564B2318586E0042A4C7 /* Debug */ = {
			isa = XCBuildConfiguration;
			baseConfigurationReference = 0AF97836F309A1D2CAE3AEA2 /* Pods-What Flower.debug.xcconfig */;
			buildSettings = {
				ASSETCATALOG_COMPILER_APPICON_NAME = AppIcon;
				CODE_SIGN_STYLE = Automatic;
				DEVELOPMENT_TEAM = VXZXPDCY5G;
				INFOPLIST_FILE = "What Flower/Info.plist";
				LD_RUNPATH_SEARCH_PATHS = (
					"$(inherited)",
					"@executable_path/Frameworks",
				);
				PRODUCT_BUNDLE_IDENTIFIER = "com.OverTheMoonApps.What-Flower";
				PRODUCT_NAME = "$(TARGET_NAME)";
				SWIFT_VERSION = 5.0;
				TARGETED_DEVICE_FAMILY = 1;
			};
			name = Debug;
		};
		56D6564C2318586E0042A4C7 /* Release */ = {
			isa = XCBuildConfiguration;
			baseConfigurationReference = 27AEB33CD6BD56BDA5A32757 /* Pods-What Flower.release.xcconfig */;
			buildSettings = {
				ASSETCATALOG_COMPILER_APPICON_NAME = AppIcon;
				CODE_SIGN_STYLE = Automatic;
				DEVELOPMENT_TEAM = VXZXPDCY5G;
				INFOPLIST_FILE = "What Flower/Info.plist";
				LD_RUNPATH_SEARCH_PATHS = (
					"$(inherited)",
					"@executable_path/Frameworks",
				);
				PRODUCT_BUNDLE_IDENTIFIER = "com.OverTheMoonApps.What-Flower";
				PRODUCT_NAME = "$(TARGET_NAME)";
				SWIFT_VERSION = 5.0;
				TARGETED_DEVICE_FAMILY = 1;
			};
			name = Release;
		};
/* End XCBuildConfiguration section */

/* Begin XCConfigurationList section */
		56D656332318586E0042A4C7 /* Build configuration list for PBXProject "What Flower" */ = {
			isa = XCConfigurationList;
			buildConfigurations = (
				56D656482318586E0042A4C7 /* Debug */,
				56D656492318586E0042A4C7 /* Release */,
			);
			defaultConfigurationIsVisible = 0;
			defaultConfigurationName = Release;
		};
		56D6564A2318586E0042A4C7 /* Build configuration list for PBXNativeTarget "What Flower" */ = {
			isa = XCConfigurationList;
			buildConfigurations = (
				56D6564B2318586E0042A4C7 /* Debug */,
				56D6564C2318586E0042A4C7 /* Release */,
			);
			defaultConfigurationIsVisible = 0;
			defaultConfigurationName = Release;
		};
/* End XCConfigurationList section */
	};
	rootObject = 56D656302318586E0042A4C7 /* Project object */;
}
